{
  "version": 4,
  "terraform_version": "1.11.3",
  "serial": 38,
  "lineage": "caf93063-d825-bec5-01c1-28558b02be45",
  "outputs": {
    "api_base_url": {
      "value": "https://6zjqcca3rf.execute-api.us-east-1.amazonaws.com",
      "type": "string"
    },
    "example_presign_url": {
      "value": "https://6zjqcca3rf.execute-api.us-east-1.amazonaws.com/presign",
      "type": "string"
    },
    "staging_api_base_url": {
      "value": "https://3nvrqqbxq9.execute-api.us-east-1.amazonaws.com",
      "type": "string"
    }
  },
  "resources": [
    {
      "mode": "data",
      "type": "archive_file",
      "name": "lambda_zip",
      "provider": "provider[\"registry.terraform.io/hashicorp/archive\"]",
      "instances": [
        {
          "schema_version": 0,
          "attributes": {
            "exclude_symlink_directories": null,
            "excludes": null,
            "id": "8da509d2a5b076dd1ec7bd6f6394c371e61cb67c",
            "output_base64sha256": "iRwj+nm9Oli+8CFK0q5YYuorpk0eSyYgUdcBXV9f5hI=",
            "output_base64sha512": "+Cc3WuFYGfHySw/BexIxd3DlQxE5Q2Abxt8QFdyDcdgGMIIkoifyvkCnYoB/+rGvk6HC9sgF6EpwhLIJzcppkw==",
            "output_file_mode": null,
            "output_md5": "5b638e69118eaaf010bf57c924357670",
            "output_path": "./lambda.zip",
            "output_sha": "8da509d2a5b076dd1ec7bd6f6394c371e61cb67c",
            "output_sha256": "891c23fa79bd3a58bef0214ad2ae5862ea2ba64d1e4b262051d7015d5f5fe612",
            "output_sha512": "f827375ae15819f1f24b0fc17b12317770e543113943601bc6df1015dc8371d806308224a227f2be40a762807ffab1af93a1c2f6c805e84a7084b209cdca6993",
            "output_size": 2739,
            "source": [],
            "source_content": null,
            "source_content_filename": null,
            "source_dir": null,
            "source_file": "./lambda/main.py",
            "type": "zip"
          },
          "sensitive_attributes": []
        }
      ]
    },
    {
      "mode": "managed",
      "type": "aws_apigatewayv2_api",
      "name": "api",
      "provider": "provider[\"registry.terraform.io/hashicorp/aws\"]",
      "instances": [
        {
          "schema_version": 0,
          "attributes": {
            "api_endpoint": "https://6zjqcca3rf.execute-api.us-east-1.amazonaws.com",
            "api_key_selection_expression": "$request.header.x-api-key",
            "arn": "arn:aws:apigateway:us-east-1::/apis/6zjqcca3rf",
            "body": null,
            "cors_configuration": [
              {
                "allow_credentials": false,
                "allow_headers": [
                  "authorization",
                  "content-type"
                ],
                "allow_methods": [
                  "GET",
                  "OPTIONS",
                  "POST"
                ],
                "allow_origins": [
                  "https://upload.therajas.net"
                ],
                "expose_headers": [
                  "etag",
                  "location"
                ],
                "max_age": 86400
              }
            ],
            "credentials_arn": null,
            "description": "",
            "disable_execute_api_endpoint": false,
            "execution_arn": "arn:aws:execute-api:us-east-1:149536496837:6zjqcca3rf",
            "fail_on_warnings": null,
            "id": "6zjqcca3rf",
            "ip_address_type": "ipv4",
            "name": "presign-api",
            "protocol_type": "HTTP",
            "region": "us-east-1",
            "route_key": null,
            "route_selection_expression": "$request.method $request.path",
            "tags": {},
            "tags_all": {},
            "target": null,
            "version": ""
          },
          "sensitive_attributes": [],
          "private": "bnVsbA=="
        }
      ]
    },
    {
      "mode": "managed",
      "type": "aws_apigatewayv2_api",
      "name": "api_test",
      "provider": "provider[\"registry.terraform.io/hashicorp/aws\"]",
      "instances": [
        {
          "schema_version": 0,
          "attributes": {
            "api_endpoint": "https://3nvrqqbxq9.execute-api.us-east-1.amazonaws.com",
            "api_key_selection_expression": "$request.header.x-api-key",
            "arn": "arn:aws:apigateway:us-east-1::/apis/3nvrqqbxq9",
            "body": null,
            "cors_configuration": [
              {
                "allow_credentials": false,
                "allow_headers": [
                  "authorization",
                  "content-type"
                ],
                "allow_methods": [
                  "GET",
                  "OPTIONS",
                  "POST"
                ],
                "allow_origins": [
                  "https://upload-test.therajas.net"
                ],
                "expose_headers": [],
                "max_age": 0
              }
            ],
            "credentials_arn": null,
            "description": "",
            "disable_execute_api_endpoint": false,
            "execution_arn": "arn:aws:execute-api:us-east-1:149536496837:3nvrqqbxq9",
            "fail_on_warnings": null,
            "id": "3nvrqqbxq9",
            "ip_address_type": "ipv4",
            "name": "presign-post-ea3ffbb0-http-test",
            "protocol_type": "HTTP",
            "region": "us-east-1",
            "route_key": null,
            "route_selection_expression": "$request.method $request.path",
            "tags": {},
            "tags_all": {},
            "target": null,
            "version": ""
          },
          "sensitive_attributes": [],
          "private": "bnVsbA==",
          "dependencies": [
            "aws_iam_role.lambda_role",
            "aws_lambda_function.presign",
            "data.archive_file.lambda_zip",
            "random_id.suffix"
          ]
        }
      ]
    },
    {
      "mode": "managed",
      "type": "aws_apigatewayv2_authorizer",
      "name": "cognito_test",
      "provider": "provider[\"registry.terraform.io/hashicorp/aws\"]",
      "instances": [
        {
          "schema_version": 0,
          "attributes": {
            "api_id": "3nvrqqbxq9",
            "authorizer_credentials_arn": "",
            "authorizer_payload_format_version": "",
            "authorizer_result_ttl_in_seconds": 0,
            "authorizer_type": "JWT",
            "authorizer_uri": "",
            "enable_simple_responses": false,
            "id": "49ee7e",
            "identity_sources": [
              "$request.header.Authorization"
            ],
            "jwt_configuration": [
              {
                "audience": [
                  "2tsae5m5he5pq5p8tc1h32cos4"
                ],
                "issuer": "https://cognito-idp.us-east-1.amazonaws.com/us-east-1_38dZXz5Zt"
              }
            ],
            "name": "cognito-test",
            "region": "us-east-1",
            "timeouts": null
          },
          "sensitive_attributes": [],
          "private": "eyJlMmJmYjczMC1lY2FhLTExZTYtOGY4OC0zNDM2M2JjN2M0YzAiOnsiZGVsZXRlIjoxODAwMDAwMDAwMDAwfX0=",
          "dependencies": [
            "aws_apigatewayv2_api.api_test",
            "aws_cognito_user_pool.app",
            "aws_cognito_user_pool_client.web",
            "aws_iam_role.lambda_role",
            "aws_lambda_function.presign",
            "data.archive_file.lambda_zip",
            "random_id.suffix"
          ]
        }
      ]
    },
    {
      "mode": "managed",
      "type": "aws_apigatewayv2_authorizer",
      "name": "jwt",
      "provider": "provider[\"registry.terraform.io/hashicorp/aws\"]",
      "instances": [
        {
          "schema_version": 0,
          "attributes": {
            "api_id": "6zjqcca3rf",
            "authorizer_credentials_arn": "",
            "authorizer_payload_format_version": "",
            "authorizer_result_ttl_in_seconds": 0,
            "authorizer_type": "JWT",
            "authorizer_uri": "",
            "enable_simple_responses": false,
            "id": "ocq9jj",
            "identity_sources": [
              "$request.header.Authorization"
            ],
            "jwt_configuration": [
              {
                "audience": [
                  "2tsae5m5he5pq5p8tc1h32cos4"
                ],
                "issuer": "https://cognito-idp.us-east-1.amazonaws.com/us-east-1_38dZXz5Zt"
              }
            ],
            "name": "cognito-jwt",
            "region": "us-east-1",
            "timeouts": null
          },
          "sensitive_attributes": [],
          "private": "eyJlMmJmYjczMC1lY2FhLTExZTYtOGY4OC0zNDM2M2JjN2M0YzAiOnsiZGVsZXRlIjoxODAwMDAwMDAwMDAwfX0=",
          "dependencies": [
            "aws_apigatewayv2_api.api",
            "aws_cognito_user_pool.app",
            "aws_cognito_user_pool_client.web"
          ]
        }
      ]
    },
    {
      "mode": "managed",
      "type": "aws_apigatewayv2_integration",
      "name": "lambda_integration",
      "provider": "provider[\"registry.terraform.io/hashicorp/aws\"]",
      "instances": [
        {
          "schema_version": 0,
          "attributes": {
            "api_id": "6zjqcca3rf",
            "connection_id": "",
            "connection_type": "INTERNET",
            "content_handling_strategy": "",
            "credentials_arn": "",
            "description": "",
            "id": "pxruq29",
            "integration_method": "POST",
            "integration_response_selection_expression": "",
            "integration_subtype": "",
            "integration_type": "AWS_PROXY",
            "integration_uri": "arn:aws:lambda:us-east-1:149536496837:function:presign-post-ea3ffbb0:prod",
            "passthrough_behavior": "",
            "payload_format_version": "2.0",
            "region": "us-east-1",
            "request_parameters": {},
            "request_templates": {},
            "response_parameters": [],
            "template_selection_expression": "",
            "timeout_milliseconds": 29000,
            "tls_config": []
          },
          "sensitive_attributes": [],
          "private": "bnVsbA==",
          "dependencies": [
            "aws_apigatewayv2_api.api",
            "aws_iam_role.lambda_role",
            "aws_lambda_alias.prod",
            "aws_lambda_function.presign",
            "data.archive_file.lambda_zip",
            "random_id.suffix"
          ]
        }
      ]
    },
    {
      "mode": "managed",
      "type": "aws_apigatewayv2_integration",
      "name": "lambda_integration_test",
      "provider": "provider[\"registry.terraform.io/hashicorp/aws\"]",
      "instances": [
        {
          "schema_version": 0,
          "attributes": {
            "api_id": "3nvrqqbxq9",
            "connection_id": "",
            "connection_type": "INTERNET",
            "content_handling_strategy": "",
            "credentials_arn": "",
            "description": "",
            "id": "0dwp61b",
            "integration_method": "POST",
            "integration_response_selection_expression": "",
            "integration_subtype": "",
            "integration_type": "AWS_PROXY",
            "integration_uri": "arn:aws:lambda:us-east-1:149536496837:function:presign-post-ea3ffbb0:test",
            "passthrough_behavior": "",
            "payload_format_version": "2.0",
            "region": "us-east-1",
            "request_parameters": {},
            "request_templates": {},
            "response_parameters": [],
            "template_selection_expression": "",
            "timeout_milliseconds": 29000,
            "tls_config": []
          },
          "sensitive_attributes": [],
          "private": "bnVsbA==",
          "dependencies": [
            "aws_apigatewayv2_api.api_test",
            "aws_iam_role.lambda_role",
            "aws_lambda_alias.test",
            "aws_lambda_function.presign",
            "data.archive_file.lambda_zip",
            "random_id.suffix"
          ]
        }
      ]
    },
    {
      "mode": "managed",
      "type": "aws_apigatewayv2_route",
      "name": "buckets_route",
      "provider": "provider[\"registry.terraform.io/hashicorp/aws\"]",
      "instances": [
        {
          "schema_version": 0,
          "attributes": {
            "api_id": "6zjqcca3rf",
            "api_key_required": false,
            "authorization_scopes": [],
            "authorization_type": "JWT",
            "authorizer_id": "ocq9jj",
            "id": "vv4knc9",
            "model_selection_expression": "",
            "operation_name": "",
            "region": "us-east-1",
            "request_models": {},
            "request_parameter": [],
            "route_key": "GET /buckets",
            "route_response_selection_expression": "",
            "target": "integrations/pxruq29"
          },
          "sensitive_attributes": [],
          "private": "bnVsbA==",
          "dependencies": [
            "aws_apigatewayv2_api.api",
            "aws_apigatewayv2_authorizer.jwt",
            "aws_apigatewayv2_integration.lambda_integration",
            "aws_cognito_user_pool.app",
            "aws_cognito_user_pool_client.web",
            "aws_iam_role.lambda_role",
            "aws_lambda_alias.prod",
            "aws_lambda_function.presign",
            "data.archive_file.lambda_zip",
            "random_id.suffix"
          ]
        }
      ]
    },
    {
      "mode": "managed",
      "type": "aws_apigatewayv2_route",
      "name": "buckets_route_test",
      "provider": "provider[\"registry.terraform.io/hashicorp/aws\"]",
      "instances": [
        {
          "schema_version": 0,
          "attributes": {
            "api_id": "3nvrqqbxq9",
            "api_key_required": false,
            "authorization_scopes": [],
            "authorization_type": "JWT",
            "authorizer_id": "49ee7e",
            "id": "wp3j6cp",
            "model_selection_expression": "",
            "operation_name": "",
            "region": "us-east-1",
            "request_models": {},
            "request_parameter": [],
            "route_key": "GET /buckets",
            "route_response_selection_expression": "",
            "target": "integrations/0dwp61b"
          },
          "sensitive_attributes": [],
          "private": "bnVsbA==",
          "dependencies": [
            "aws_apigatewayv2_api.api_test",
            "aws_apigatewayv2_authorizer.cognito_test",
            "aws_apigatewayv2_integration.lambda_integration_test",
            "aws_cognito_user_pool.app",
            "aws_cognito_user_pool_client.web",
            "aws_iam_role.lambda_role",
            "aws_lambda_alias.test",
            "aws_lambda_function.presign",
            "data.archive_file.lambda_zip",
            "random_id.suffix"
          ]
        }
      ]
    },
    {
      "mode": "managed",
      "type": "aws_apigatewayv2_route",
      "name": "default_route",
      "provider": "provider[\"registry.terraform.io/hashicorp/aws\"]",
      "instances": [
        {
          "schema_version": 0,
          "attributes": {
            "api_id": "6zjqcca3rf",
            "api_key_required": false,
            "authorization_scopes": [],
            "authorization_type": "NONE",
            "authorizer_id": "",
            "id": "9wu5qb3",
            "model_selection_expression": "",
            "operation_name": "",
            "region": "us-east-1",
            "request_models": {},
            "request_parameter": [],
            "route_key": "$default",
            "route_response_selection_expression": "",
            "target": "integrations/pxruq29"
          },
          "sensitive_attributes": [],
          "private": "bnVsbA==",
          "dependencies": [
            "aws_apigatewayv2_api.api",
            "aws_apigatewayv2_integration.lambda_integration",
            "aws_iam_role.lambda_role",
            "aws_lambda_alias.prod",
            "aws_lambda_function.presign",
            "data.archive_file.lambda_zip",
            "random_id.suffix"
          ]
        }
      ]
    },
    {
      "mode": "managed",
      "type": "aws_apigatewayv2_route",
      "name": "presign_route",
      "provider": "provider[\"registry.terraform.io/hashicorp/aws\"]",
      "instances": [
        {
          "schema_version": 0,
          "attributes": {
            "api_id": "6zjqcca3rf",
            "api_key_required": false,
            "authorization_scopes": [],
            "authorization_type": "JWT",
            "authorizer_id": "ocq9jj",
            "id": "sa46vjo",
            "model_selection_expression": "",
            "operation_name": "",
            "region": "us-east-1",
            "request_models": {},
            "request_parameter": [],
            "route_key": "POST /presign",
            "route_response_selection_expression": "",
            "target": "integrations/pxruq29"
          },
          "sensitive_attributes": [],
          "private": "bnVsbA==",
          "dependencies": [
            "aws_apigatewayv2_api.api",
            "aws_apigatewayv2_authorizer.jwt",
            "aws_apigatewayv2_integration.lambda_integration",
            "aws_cognito_user_pool.app",
            "aws_cognito_user_pool_client.web",
            "aws_iam_role.lambda_role",
            "aws_lambda_alias.prod",
            "aws_lambda_function.presign",
            "data.archive_file.lambda_zip",
            "random_id.suffix"
          ]
        }
      ]
    },
    {
      "mode": "managed",
      "type": "aws_apigatewayv2_route",
      "name": "presign_route_test",
      "provider": "provider[\"registry.terraform.io/hashicorp/aws\"]",
      "instances": [
        {
          "schema_version": 0,
          "attributes": {
            "api_id": "3nvrqqbxq9",
            "api_key_required": false,
            "authorization_scopes": [],
            "authorization_type": "JWT",
            "authorizer_id": "49ee7e",
            "id": "f9e5n9a",
            "model_selection_expression": "",
            "operation_name": "",
            "region": "us-east-1",
            "request_models": {},
            "request_parameter": [],
            "route_key": "POST /presign",
            "route_response_selection_expression": "",
            "target": "integrations/0dwp61b"
          },
          "sensitive_attributes": [],
          "private": "bnVsbA==",
          "dependencies": [
            "aws_apigatewayv2_api.api_test",
            "aws_apigatewayv2_authorizer.cognito_test",
            "aws_apigatewayv2_integration.lambda_integration_test",
            "aws_cognito_user_pool.app",
            "aws_cognito_user_pool_client.web",
            "aws_iam_role.lambda_role",
            "aws_lambda_alias.test",
            "aws_lambda_function.presign",
            "data.archive_file.lambda_zip",
            "random_id.suffix"
          ]
        }
      ]
    },
    {
      "mode": "managed",
      "type": "aws_apigatewayv2_stage",
      "name": "default",
      "provider": "provider[\"registry.terraform.io/hashicorp/aws\"]",
      "instances": [
        {
          "schema_version": 0,
          "attributes": {
            "access_log_settings": [
              {
                "destination_arn": "arn:aws:logs:us-east-1:149536496837:log-group:/aws/http-api/presign",
                "format": "{\"error\":\"$context.error.message\",\"integration\":\"$context.integration.error\",\"jwtSub\":\"$context.authorizer.claims.sub\",\"requestId\":\"$context.requestId\",\"routeKey\":\"$context.routeKey\",\"status\":\"$context.status\"}"
              }
            ],
            "api_id": "6zjqcca3rf",
            "arn": "arn:aws:apigateway:us-east-1::/apis/6zjqcca3rf/stages/$default",
            "auto_deploy": true,
            "client_certificate_id": "",
            "default_route_settings": [
              {
                "data_trace_enabled": false,
                "detailed_metrics_enabled": false,
                "logging_level": "",
                "throttling_burst_limit": 0,
                "throttling_rate_limit": 0
              }
            ],
            "deployment_id": "4o52w1",
            "description": "",
            "execution_arn": "arn:aws:execute-api:us-east-1:149536496837:6zjqcca3rf/$default",
            "id": "$default",
            "invoke_url": "https://6zjqcca3rf.execute-api.us-east-1.amazonaws.com/",
            "name": "$default",
            "region": "us-east-1",
            "route_settings": [],
            "stage_variables": {},
            "tags": {},
            "tags_all": {}
          },
          "sensitive_attributes": [],
          "private": "bnVsbA==",
          "dependencies": [
            "aws_apigatewayv2_api.api",
            "aws_cloudwatch_log_group.apigw"
          ]
        }
      ]
    },
    {
      "mode": "managed",
      "type": "aws_apigatewayv2_stage",
      "name": "default_test",
      "provider": "provider[\"registry.terraform.io/hashicorp/aws\"]",
      "instances": [
        {
          "schema_version": 0,
          "attributes": {
            "access_log_settings": [],
            "api_id": "3nvrqqbxq9",
            "arn": "arn:aws:apigateway:us-east-1::/apis/3nvrqqbxq9/stages/$default",
            "auto_deploy": true,
            "client_certificate_id": "",
            "default_route_settings": [
              {
                "data_trace_enabled": false,
                "detailed_metrics_enabled": false,
                "logging_level": "",
                "throttling_burst_limit": 0,
                "throttling_rate_limit": 0
              }
            ],
            "deployment_id": "tkmtkb",
            "description": "",
            "execution_arn": "arn:aws:execute-api:us-east-1:149536496837:3nvrqqbxq9/$default",
            "id": "$default",
            "invoke_url": "https://3nvrqqbxq9.execute-api.us-east-1.amazonaws.com/",
            "name": "$default",
            "region": "us-east-1",
            "route_settings": [],
            "stage_variables": {},
            "tags": {},
            "tags_all": {}
          },
          "sensitive_attributes": [],
          "private": "bnVsbA==",
          "dependencies": [
            "aws_apigatewayv2_api.api_test",
            "aws_iam_role.lambda_role",
            "aws_lambda_function.presign",
            "data.archive_file.lambda_zip",
            "random_id.suffix"
          ]
        }
      ]
    },
    {
      "mode": "managed",
      "type": "aws_cloudwatch_log_group",
      "name": "apigw",
      "provider": "provider[\"registry.terraform.io/hashicorp/aws\"]",
      "instances": [
        {
          "schema_version": 0,
          "attributes": {
            "arn": "arn:aws:logs:us-east-1:149536496837:log-group:/aws/http-api/presign",
            "id": "/aws/http-api/presign",
            "kms_key_id": "",
            "log_group_class": "STANDARD",
            "name": "/aws/http-api/presign",
            "name_prefix": "",
            "region": "us-east-1",
            "retention_in_days": 7,
            "skip_destroy": false,
            "tags": {},
            "tags_all": {}
          },
          "sensitive_attributes": [],
          "private": "bnVsbA=="
        }
      ]
    },
    {
      "mode": "managed",
      "type": "aws_cloudwatch_log_group",
      "name": "apigw_test",
      "provider": "provider[\"registry.terraform.io/hashicorp/aws\"]",
      "instances": [
        {
          "schema_version": 0,
          "attributes": {
            "arn": "arn:aws:logs:us-east-1:149536496837:log-group:/aws/api-http-test/presign-post-ea3ffbb0-http-test",
            "id": "/aws/api-http-test/presign-post-ea3ffbb0-http-test",
            "kms_key_id": "",
            "log_group_class": "STANDARD",
            "name": "/aws/api-http-test/presign-post-ea3ffbb0-http-test",
            "name_prefix": "",
            "region": "us-east-1",
            "retention_in_days": 7,
            "skip_destroy": false,
            "tags": {},
            "tags_all": {}
          },
          "sensitive_attributes": [],
          "private": "bnVsbA==",
          "dependencies": [
            "aws_apigatewayv2_api.api_test",
            "aws_iam_role.lambda_role",
            "aws_lambda_function.presign",
            "data.archive_file.lambda_zip",
            "random_id.suffix"
          ]
        }
      ]
    },
    {
      "mode": "managed",
      "type": "aws_cognito_user_pool",
      "name": "app",
      "provider": "provider[\"registry.terraform.io/hashicorp/aws\"]",
      "instances": [
        {
          "schema_version": 0,
          "attributes": {
            "account_recovery_setting": [
              {
                "recovery_mechanism": [
                  {
                    "name": "verified_email",
                    "priority": 1
                  },
                  {
                    "name": "verified_phone_number",
                    "priority": 2
                  }
                ]
              }
            ],
            "admin_create_user_config": [
              {
                "allow_admin_create_user_only": false,
                "invite_message_template": []
              }
            ],
            "alias_attributes": null,
            "arn": "arn:aws:cognito-idp:us-east-1:149536496837:userpool/us-east-1_38dZXz5Zt",
            "auto_verified_attributes": [
              "email"
            ],
            "creation_date": "2025-08-15T14:03:24Z",
            "custom_domain": "",
            "deletion_protection": "INACTIVE",
            "device_configuration": [],
            "domain": "rajas-uploader",
            "email_configuration": [
              {
                "configuration_set": "",
                "email_sending_account": "COGNITO_DEFAULT",
                "from_email_address": "",
                "reply_to_email_address": "",
                "source_arn": ""
              }
            ],
            "email_mfa_configuration": [],
            "email_verification_message": "",
            "email_verification_subject": "",
            "endpoint": "cognito-idp.us-east-1.amazonaws.com/us-east-1_38dZXz5Zt",
            "estimated_number_of_users": 0,
            "id": "us-east-1_38dZXz5Zt",
            "lambda_config": [],
            "last_modified_date": "2025-08-15T14:03:24Z",
            "mfa_configuration": "OFF",
            "name": "uploader-users",
            "password_policy": [
              {
                "minimum_length": 8,
                "password_history_size": 0,
                "require_lowercase": true,
                "require_numbers": true,
                "require_symbols": true,
                "require_uppercase": true,
                "temporary_password_validity_days": 7
              }
            ],
            "region": "us-east-1",
            "schema": [
              {
                "attribute_data_type": "String",
                "developer_only_attribute": false,
                "mutable": true,
                "name": "email",
                "number_attribute_constraints": [],
                "required": true,
                "string_attribute_constraints": []
              }
            ],
            "sign_in_policy": [
              {
                "allowed_first_auth_factors": [
                  "PASSWORD"
                ]
              }
            ],
            "sms_authentication_message": "",
            "sms_configuration": [],
            "sms_verification_message": "",
            "software_token_mfa_configuration": [],
            "tags": {},
            "tags_all": {},
            "user_attribute_update_settings": [],
            "user_pool_add_ons": [],
            "user_pool_tier": "ESSENTIALS",
            "username_attributes": [],
            "username_configuration": [],
            "verification_message_template": [
              {
                "default_email_option": "CONFIRM_WITH_CODE",
                "email_message": "",
                "email_message_by_link": "",
                "email_subject": "",
                "email_subject_by_link": "",
                "sms_message": ""
              }
            ],
            "web_authn_configuration": []
          },
          "sensitive_attributes": [],
          "private": "bnVsbA=="
        }
      ]
    },
    {
      "mode": "managed",
      "type": "aws_cognito_user_pool_client",
      "name": "web",
      "provider": "provider[\"registry.terraform.io/hashicorp/aws\"]",
      "instances": [
        {
          "schema_version": 0,
          "attributes": {
            "access_token_validity": 0,
            "allowed_oauth_flows": [
              "code",
              "implicit"
            ],
            "allowed_oauth_flows_user_pool_client": true,
            "allowed_oauth_scopes": [
              "email",
              "openid",
              "profile"
            ],
            "analytics_configuration": [],
            "auth_session_validity": 3,
            "callback_urls": [
              "https://upload.therajas.net",
              "https://upload.therajas.net/callback"
            ],
            "client_secret": "",
            "default_redirect_uri": "",
            "enable_propagate_additional_user_context_data": false,
            "enable_token_revocation": true,
            "explicit_auth_flows": [],
            "generate_secret": false,
            "id": "2tsae5m5he5pq5p8tc1h32cos4",
            "id_token_validity": 0,
            "logout_urls": [
              "https://upload.therajas.net",
              "https://upload.therajas.net/?signedout=1"
            ],
            "name": "uploader-webclient",
            "prevent_user_existence_errors": "",
            "read_attributes": [],
            "refresh_token_rotation": [],
            "refresh_token_validity": 30,
            "region": "us-east-1",
            "supported_identity_providers": [
              "COGNITO"
            ],
            "token_validity_units": [],
            "user_pool_id": "us-east-1_38dZXz5Zt",
            "write_attributes": []
          },
          "sensitive_attributes": [
            [
              {
                "type": "get_attr",
                "value": "client_secret"
              }
            ]
          ],
          "dependencies": [
            "aws_cognito_user_pool.app"
          ]
        }
      ]
    },
    {
      "mode": "managed",
      "type": "aws_cognito_user_pool_domain",
      "name": "domain",
      "provider": "provider[\"registry.terraform.io/hashicorp/aws\"]",
      "instances": [
        {
          "schema_version": 0,
          "attributes": {
            "aws_account_id": "149536496837",
            "certificate_arn": "",
            "cloudfront_distribution": "d3oia8etllorh5.cloudfront.net",
            "cloudfront_distribution_arn": "d3oia8etllorh5.cloudfront.net",
            "cloudfront_distribution_zone_id": "Z2FDTNDATAQYW2",
            "domain": "rajas-uploader",
            "id": "rajas-uploader",
            "managed_login_version": 1,
            "region": "us-east-1",
            "s3_bucket": "aws-cognito-prod-iad-assets",
            "user_pool_id": "us-east-1_38dZXz5Zt",
            "version": "20250815140439"
          },
          "sensitive_attributes": [],
          "private": "bnVsbA==",
          "dependencies": [
            "aws_cognito_user_pool.app"
          ]
        }
      ]
    },
    {
      "mode": "managed",
      "type": "aws_iam_role",
      "name": "lambda_role",
      "provider": "provider[\"registry.terraform.io/hashicorp/aws\"]",
      "instances": [
        {
          "schema_version": 0,
          "attributes": {
            "arn": "arn:aws:iam::149536496837:role/role-presign-post-ea3ffbb0",
            "assume_role_policy": "{\"Statement\":[{\"Action\":\"sts:AssumeRole\",\"Effect\":\"Allow\",\"Principal\":{\"Service\":\"lambda.amazonaws.com\"}}],\"Version\":\"2012-10-17\"}",
            "create_date": "2025-08-15T14:03:23Z",
            "description": "",
            "force_detach_policies": false,
            "id": "role-presign-post-ea3ffbb0",
            "inline_policy": [
              {
                "name": "allow-list-buckets-and-tags",
                "policy": "{\"Version\":\"2012-10-17\",\"Statement\":[{\"Action\":[\"s3:ListAllMyBuckets\"],\"Effect\":\"Allow\",\"Resource\":\"*\"},{\"Action\":[\"s3:GetBucketTagging\",\"s3:GetBucketLocation\",\"s3:GetBucketEncryption\",\"s3:GetEncryptionConfiguration\"],\"Effect\":\"Allow\",\"Resource\":\"arn:aws:s3:::*\"}]}"
              },
              {
                "name": "allow-putobject-to-uploads",
                "policy": "{\"Version\":\"2012-10-17\",\"Statement\":[{\"Action\":[\"s3:PutObject\"],\"Effect\":\"Allow\",\"Resource\":[\"arn:aws:s3:::*\"],\"Sid\":\"AllowPutObjectToUploadsPrefix\"}]}"
              }
            ],
            "managed_policy_arns": [
              "arn:aws:iam::aws:policy/service-role/AWSLambdaBasicExecutionRole"
            ],
            "max_session_duration": 3600,
            "name": "role-presign-post-ea3ffbb0",
            "name_prefix": "",
            "path": "/",
            "permissions_boundary": "",
            "tags": {},
            "tags_all": {},
            "unique_id": "AROASFUIR3TC42ZFLGAVY"
          },
          "sensitive_attributes": [],
          "private": "bnVsbA==",
          "dependencies": [
            "random_id.suffix"
          ]
        }
      ]
    },
    {
      "mode": "managed",
      "type": "aws_iam_role_policy",
      "name": "lambda_list_buckets",
      "provider": "provider[\"registry.terraform.io/hashicorp/aws\"]",
      "instances": [
        {
          "schema_version": 0,
          "attributes": {
            "id": "role-presign-post-ea3ffbb0:allow-list-buckets-and-tags",
            "name": "allow-list-buckets-and-tags",
            "name_prefix": "",
            "policy": "{\"Version\":\"2012-10-17\",\"Statement\":[{\"Action\":[\"s3:ListAllMyBuckets\"],\"Effect\":\"Allow\",\"Resource\":\"*\"},{\"Action\":[\"s3:GetBucketTagging\",\"s3:GetBucketLocation\",\"s3:GetBucketEncryption\",\"s3:GetEncryptionConfiguration\"],\"Effect\":\"Allow\",\"Resource\":\"arn:aws:s3:::*\"}]}",
            "role": "role-presign-post-ea3ffbb0"
          },
          "sensitive_attributes": [],
          "private": "bnVsbA==",
          "dependencies": [
            "aws_iam_role.lambda_role",
            "random_id.suffix"
          ]
        }
      ]
    },
    {
      "mode": "managed",
      "type": "aws_iam_role_policy",
      "name": "lambda_put_to_bucket",
      "provider": "provider[\"registry.terraform.io/hashicorp/aws\"]",
      "instances": [
        {
          "schema_version": 0,
          "attributes": {
            "id": "role-presign-post-ea3ffbb0:allow-putobject-to-uploads",
            "name": "allow-putobject-to-uploads",
            "name_prefix": "",
            "policy": "{\"Version\":\"2012-10-17\",\"Statement\":[{\"Action\":[\"s3:PutObject\"],\"Effect\":\"Allow\",\"Resource\":[\"arn:aws:s3:::*\"],\"Sid\":\"AllowPutObjectToUploadsPrefix\"}]}",
            "role": "role-presign-post-ea3ffbb0"
          },
          "sensitive_attributes": [],
          "private": "bnVsbA==",
          "dependencies": [
            "aws_iam_role.lambda_role",
            "random_id.suffix"
          ]
        }
      ]
    },
    {
      "mode": "managed",
      "type": "aws_iam_role_policy_attachment",
      "name": "lambda_basic",
      "provider": "provider[\"registry.terraform.io/hashicorp/aws\"]",
      "instances": [
        {
          "schema_version": 0,
          "attributes": {
            "id": "role-presign-post-ea3ffbb0/arn:aws:iam::aws:policy/service-role/AWSLambdaBasicExecutionRole",
            "policy_arn": "arn:aws:iam::aws:policy/service-role/AWSLambdaBasicExecutionRole",
            "role": "role-presign-post-ea3ffbb0"
          },
          "sensitive_attributes": [],
          "private": "bnVsbA==",
          "dependencies": [
            "aws_iam_role.lambda_role",
            "random_id.suffix"
          ]
        }
      ]
    },
    {
      "mode": "managed",
      "type": "aws_lambda_alias",
      "name": "prod",
      "provider": "provider[\"registry.terraform.io/hashicorp/aws\"]",
      "instances": [
        {
          "schema_version": 0,
          "attributes": {
            "arn": "arn:aws:lambda:us-east-1:149536496837:function:presign-post-ea3ffbb0:prod",
            "description": "",
            "function_name": "presign-post-ea3ffbb0",
            "function_version": "$LATEST",
            "id": "arn:aws:lambda:us-east-1:149536496837:function:presign-post-ea3ffbb0:prod",
            "invoke_arn": "arn:aws:apigateway:us-east-1:lambda:path/2015-03-31/functions/arn:aws:lambda:us-east-1:149536496837:function:presign-post-ea3ffbb0:prod/invocations",
            "name": "prod",
            "region": "us-east-1",
            "routing_config": []
          },
          "sensitive_attributes": [],
          "private": "bnVsbA==",
          "dependencies": [
            "aws_iam_role.lambda_role",
            "aws_lambda_function.presign",
            "data.archive_file.lambda_zip",
            "random_id.suffix"
          ]
        }
      ]
    },
    {
      "mode": "managed",
      "type": "aws_lambda_alias",
      "name": "test",
      "provider": "provider[\"registry.terraform.io/hashicorp/aws\"]",
      "instances": [
        {
          "schema_version": 0,
          "attributes": {
            "arn": "arn:aws:lambda:us-east-1:149536496837:function:presign-post-ea3ffbb0:test",
            "description": "",
            "function_name": "presign-post-ea3ffbb0",
            "function_version": "$LATEST",
            "id": "arn:aws:lambda:us-east-1:149536496837:function:presign-post-ea3ffbb0:test",
            "invoke_arn": "arn:aws:apigateway:us-east-1:lambda:path/2015-03-31/functions/arn:aws:lambda:us-east-1:149536496837:function:presign-post-ea3ffbb0:test/invocations",
            "name": "test",
            "region": "us-east-1",
            "routing_config": []
          },
          "sensitive_attributes": [],
          "private": "bnVsbA==",
          "dependencies": [
            "aws_iam_role.lambda_role",
            "aws_lambda_function.presign",
            "data.archive_file.lambda_zip",
            "random_id.suffix"
          ]
        }
      ]
    },
    {
      "mode": "managed",
      "type": "aws_lambda_function",
      "name": "presign",
      "provider": "provider[\"registry.terraform.io/hashicorp/aws\"]",
      "instances": [
        {
          "schema_version": 0,
          "attributes": {
            "architectures": [
              "x86_64"
            ],
            "arn": "arn:aws:lambda:us-east-1:149536496837:function:presign-post-ea3ffbb0",
            "code_sha256": "iRwj+nm9Oli+8CFK0q5YYuorpk0eSyYgUdcBXV9f5hI=",
            "code_signing_config_arn": "",
            "dead_letter_config": [],
            "description": "",
            "environment": [
              {
                "variables": {
                  "MAX_UPLOAD_BYTES": "5629499534213120"
                }
              }
            ],
            "ephemeral_storage": [
              {
                "size": 512
              }
            ],
            "file_system_config": [],
            "filename": "./lambda.zip",
            "function_name": "presign-post-ea3ffbb0",
            "handler": "main.handler",
            "id": "presign-post-ea3ffbb0",
            "image_config": [],
            "image_uri": "",
            "invoke_arn": "arn:aws:apigateway:us-east-1:lambda:path/2015-03-31/functions/arn:aws:lambda:us-east-1:149536496837:function:presign-post-ea3ffbb0/invocations",
            "kms_key_arn": "",
            "last_modified": "2025-08-15T14:03:32.674+0000",
            "layers": [],
            "logging_config": [
              {
                "application_log_level": "",
                "log_format": "Text",
                "log_group": "/aws/lambda/presign-post-ea3ffbb0",
                "system_log_level": ""
              }
            ],
            "memory_size": 128,
            "package_type": "Zip",
            "publish": false,
            "qualified_arn": "arn:aws:lambda:us-east-1:149536496837:function:presign-post-ea3ffbb0:$LATEST",
            "qualified_invoke_arn": "arn:aws:apigateway:us-east-1:lambda:path/2015-03-31/functions/arn:aws:lambda:us-east-1:149536496837:function:presign-post-ea3ffbb0:$LATEST/invocations",
            "region": "us-east-1",
            "replace_security_groups_on_destroy": null,
            "replacement_security_group_ids": null,
            "reserved_concurrent_executions": -1,
            "role": "arn:aws:iam::149536496837:role/role-presign-post-ea3ffbb0",
            "runtime": "python3.12",
            "s3_bucket": null,
            "s3_key": null,
            "s3_object_version": null,
            "signing_job_arn": "",
            "signing_profile_version_arn": "",
            "skip_destroy": false,
            "snap_start": [],
            "source_code_hash": "iRwj+nm9Oli+8CFK0q5YYuorpk0eSyYgUdcBXV9f5hI=",
            "source_code_size": 2739,
            "tags": {},
            "tags_all": {},
            "timeout": 10,
            "timeouts": null,
            "tracing_config": [
              {
                "mode": "PassThrough"
              }
            ],
            "version": "$LATEST",
            "vpc_config": []
          },
          "sensitive_attributes": [],
          "private": "eyJlMmJmYjczMC1lY2FhLTExZTYtOGY4OC0zNDM2M2JjN2M0YzAiOnsiY3JlYXRlIjo2MDAwMDAwMDAwMDAsImRlbGV0ZSI6NjAwMDAwMDAwMDAwLCJ1cGRhdGUiOjYwMDAwMDAwMDAwMH19",
          "dependencies": [
            "aws_iam_role.lambda_role",
            "data.archive_file.lambda_zip",
            "random_id.suffix"
          ]
        }
      ]
    },
    {
      "mode": "managed",
      "type": "aws_lambda_permission",
      "name": "allow_apigw_invoke",
      "provider": "provider[\"registry.terraform.io/hashicorp/aws\"]",
      "instances": [
        {
          "schema_version": 0,
          "attributes": {
            "action": "lambda:InvokeFunction",
            "event_source_token": null,
            "function_name": "presign-post-ea3ffbb0",
            "function_url_auth_type": null,
            "id": "AllowAPIGatewayInvoke",
            "principal": "apigateway.amazonaws.com",
            "principal_org_id": null,
            "qualifier": "",
            "region": "us-east-1",
            "source_account": null,
            "source_arn": "arn:aws:execute-api:us-east-1:149536496837:6zjqcca3rf/*/*",
            "statement_id": "AllowAPIGatewayInvoke",
            "statement_id_prefix": ""
          },
          "sensitive_attributes": [],
          "private": "bnVsbA==",
          "dependencies": [
            "aws_apigatewayv2_api.api",
            "aws_iam_role.lambda_role",
            "aws_lambda_function.presign",
            "data.archive_file.lambda_zip",
            "random_id.suffix"
          ]
        }
      ]
    },
    {
      "mode": "managed",
      "type": "aws_lambda_permission",
      "name": "apigw_invoke",
      "provider": "provider[\"registry.terraform.io/hashicorp/aws\"]",
      "instances": [
        {
          "schema_version": 0,
          "attributes": {
            "action": "lambda:InvokeFunction",
            "event_source_token": null,
            "function_name": "presign-post-ea3ffbb0",
            "function_url_auth_type": null,
            "id": "AllowInvokeFromAPIGW",
            "principal": "apigateway.amazonaws.com",
            "principal_org_id": null,
            "qualifier": "",
            "region": "us-east-1",
            "source_account": null,
            "source_arn": "arn:aws:execute-api:us-east-1:149536496837:6zjqcca3rf/*/*/presign",
            "statement_id": "AllowInvokeFromAPIGW",
            "statement_id_prefix": ""
          },
          "sensitive_attributes": [],
          "private": "bnVsbA==",
          "dependencies": [
            "aws_apigatewayv2_api.api",
            "aws_iam_role.lambda_role",
            "aws_lambda_function.presign",
            "data.archive_file.lambda_zip",
            "random_id.suffix"
          ]
        }
      ]
    },
    {
      "mode": "managed",
      "type": "aws_lambda_permission",
      "name": "apigw_test_invoke",
      "provider": "provider[\"registry.terraform.io/hashicorp/aws\"]",
      "instances": [
        {
          "schema_version": 0,
          "attributes": {
            "action": "lambda:InvokeFunction",
            "event_source_token": null,
            "function_name": "presign-post-ea3ffbb0",
            "function_url_auth_type": null,
            "id": "AllowInvokeFromHttpApiStaging",
            "principal": "apigateway.amazonaws.com",
            "principal_org_id": null,
            "qualifier": "test",
            "region": "us-east-1",
            "source_account": null,
            "source_arn": "arn:aws:execute-api:us-east-1:149536496837:3nvrqqbxq9/*/*",
            "statement_id": "AllowInvokeFromHttpApiStaging",
            "statement_id_prefix": ""
          },
          "sensitive_attributes": [],
          "private": "bnVsbA==",
          "dependencies": [
            "aws_apigatewayv2_api.api_test",
            "aws_iam_role.lambda_role",
            "aws_lambda_alias.test",
            "aws_lambda_function.presign",
            "data.archive_file.lambda_zip",
            "random_id.suffix"
          ]
        }
      ]
    },
    {
      "mode": "managed",
      "type": "random_id",
      "name": "suffix",
      "provider": "provider[\"registry.terraform.io/hashicorp/random\"]",
      "instances": [
        {
          "schema_version": 0,
          "attributes": {
            "b64_std": "6j/7sA==",
            "b64_url": "6j_7sA",
            "byte_length": 4,
            "dec": "3930061744",
            "hex": "ea3ffbb0",
            "id": "6j_7sA",
            "keepers": null,
            "prefix": null
          },
          "sensitive_attributes": []
        }
      ]
    }
  ],
  "check_results": null
}
